<?xml version="1.0" encoding="utf-8"?>
<Project ToolsVersion="4.0" xmlns="http://schemas.microsoft.com/developer/msbuild/2003">
  <ItemGroup>
    <Filter Include="Source Files">
      <UniqueIdentifier>{4FC737F1-C7A5-4376-A066-2A32D752A2FF}</UniqueIdentifier>
      <Extensions>cpp;c;cc;cxx;def;odl;idl;hpj;bat;asm;asmx</Extensions>
    </Filter>
    <Filter Include="Icons">
      <UniqueIdentifier>{5b4c7739-0082-49bf-aa92-7ca9e5cd6553}</UniqueIdentifier>
    </Filter>
  </ItemGroup>
  <ItemGroup>
    <ClCompile Include="main.cpp">
      <Filter>Source Files</Filter>
    </ClCompile>
    <ClCompile Include="MainWindow.cpp">
      <Filter>Source Files</Filter>
    </ClCompile>
    <ClCompile Include="ResourceView.cpp">
      <Filter>Source Files</Filter>
    </ClCompile>
    <ClCompile Include="PropertyEdit.cpp">
      <Filter>Source Files</Filter>
    </ClCompile>
    <ClCompile Include="MapEditor.cpp">
      <Filter>Source Files</Filter>
    </ClCompile>
    <ClCompile Include="TileList.cpp">
      <Filter>Source Files</Filter>
    </ClCompile>
    <ClCompile Include="nProj.cpp">
      <Filter>Source Files</Filter>
    </ClCompile>
    <ClCompile Include="FileEditor.cpp">
      <Filter>Source Files</Filter>
    </ClCompile>
    <ClCompile Include="MainNotebook.cpp">
      <Filter>Source Files</Filter>
    </ClCompile>
    <ClCompile Include="ResourceCompiler.cpp">
      <Filter>Source Files</Filter>
    </ClCompile>
    <ClCompile Include="Runner.cpp">
      <Filter>Source Files</Filter>
    </ClCompile>
  </ItemGroup>
  <ItemGroup>
    <ClInclude Include="MainWindow.hpp">
      <Filter>Source Files</Filter>
    </ClInclude>
    <ClInclude Include="PropertyEdit.hpp">
      <Filter>Source Files</Filter>
    </ClInclude>
    <ClInclude Include="ResourceView.hpp">
      <Filter>Source Files</Filter>
    </ClInclude>
    <ClInclude Include="MapEditor.hpp">
      <Filter>Source Files</Filter>
    </ClInclude>
    <ClInclude Include="headers.hpp">
      <Filter>Source Files</Filter>
    </ClInclude>
    <ClInclude Include="TileList.hpp">
      <Filter>Source Files</Filter>
    </ClInclude>
    <ClInclude Include="nProj.hpp">
      <Filter>Source Files</Filter>
    </ClInclude>
    <ClInclude Include="FileEditor.hpp">
      <Filter>Source Files</Filter>
    </ClInclude>
    <ClInclude Include="MainNotebook.hpp">
      <Filter>Source Files</Filter>
    </ClInclude>
    <ClInclude Include="ResourceCompiler.hpp">
      <Filter>Source Files</Filter>
    </ClInclude>
    <ClInclude Include="Runner.hpp">
      <Filter>Source Files</Filter>
    </ClInclude>
  </ItemGroup>
  <ItemGroup>
    <None Include="Icons\font.xpm">
      <Filter>Icons</Filter>
    </None>
    <None Include="Icons\map.xpm">
      <Filter>Icons</Filter>
    </None>
    <None Include="Icons\object.xpm">
      <Filter>Icons</Filter>
    </None>
    <None Include="Icons\package.xpm">
      <Filter>Icons</Filter>
    </None>
    <None Include="Icons\script.xpm">
      <Filter>Icons</Filter>
    </None>
    <None Include="Icons\shader.xpm">
      <Filter>Icons</Filter>
    </None>
    <None Include="Icons\camera.xpm">
      <Filter>Icons</Filter>
    </None>
    <None Include="Icons\blend.xpm">
      <Filter>Icons</Filter>
    </None>
    <None Include="Icons\delete.xpm">
      <Filter>Icons</Filter>
    </None>
    <None Include="Icons\error.xpm">
      <Filter>Icons</Filter>
    </None>
    <None Include="Icons\json.xpm">
      <Filter>Icons</Filter>
    </None>
    <None Include="Icons\particles.xpm">
      <Filter>Icons</Filter>
    </None>
    <None Include="Icons\sound.xpm">
      <Filter>Icons</Filter>
    </None>
  </ItemGroup>
</Project>